
Microsoft Visual Studio Solution File, Format Version 12.00
# Visual Studio 15
VisualStudioVersion = 15.0.28010.2050
MinimumVisualStudioVersion = 10.0.40219.1
Project("{9A19103F-16F7-4668-BE54-9A1E7A4F7556}") = "MasterChef", "MasterChef\MasterChef.csproj", "{EF95A7DF-0186-4E24-9723-5457461DC052}"
EndProject
Project("{FAE04EC0-301F-11D3-BF4B-00C04F79EFBC}") = "Classes", "Classes\Classes.csproj", "{A4167879-B7CB-41D7-8D40-86BBB25F69A9}"
EndProject
Global
	GlobalSection(SolutionConfigurationPlatforms) = preSolution
		Debug|Any CPU = Debug|Any CPU
		Release|Any CPU = Release|Any CPU
	EndGlobalSection
	GlobalSection(ProjectConfigurationPlatforms) = postSolution
		{EF95A7DF-0186-4E24-9723-5457461DC052}.Debug|Any CPU.ActiveCfg = Debug|Any CPU
		{EF95A7DF-0186-4E24-9723-5457461DC052}.Debug|Any CPU.Build.0 = Debug|Any CPU
		{EF95A7DF-0186-4E24-9723-5457461DC052}.Release|Any CPU.ActiveCfg = Release|Any CPU
		{EF95A7DF-0186-4E24-9723-5457461DC052}.Release|Any CPU.Build.0 = Release|Any CPU
		{A4167879-B7CB-41D7-8D40-86BBB25F69A9}.Debug|Any CPU.ActiveCfg = Debug|Any CPU
		{A4167879-B7CB-41D7-8D40-86BBB25F69A9}.Debug|Any CPU.Build.0 = Debug|Any CPU
		{A4167879-B7CB-41D7-8D40-86BBB25F69A9}.Release|Any CPU.ActiveCfg = Release|Any CPU
		{A4167879-B7CB-41D7-8D40-86BBB25F69A9}.Release|Any CPU.Build.0 = Release|Any CPU
	EndGlobalSection
	GlobalSection(SolutionProperties) = preSolution
		HideSolutionNode = FALSE
	EndGlobalSection
	GlobalSection(ExtensibilityGlobals) = postSolution
		SolutionGuid = {A9D50883-43E5-4F81-850E-4616DBE8FA26}
	EndGlobalSection
EndGlobal
